// !$*UTF8*$!
{
	archiveVersion = 1;
	classes = {
	};
	objectVersion = 56;
	objects = {

/* Begin PBXBuildFile section */
		C032395F2C0E55D200CCD542 /* Functions.swift in Sources */ = {isa = PBXBuildFile; fileRef = C032395E2C0E55D200CCD542 /* Functions.swift */; };
		C03239612C0E651A00CCD542 /* Classes.swift in Sources */ = {isa = PBXBuildFile; fileRef = C03239602C0E651A00CCD542 /* Classes.swift */; };
		C03239632C0E66C400CCD542 /* Structs.swift in Sources */ = {isa = PBXBuildFile; fileRef = C03239622C0E66C400CCD542 /* Structs.swift */; };
		C06CEF932999A44E0003AB9F /* Conditionals.swift in Sources */ = {isa = PBXBuildFile; fileRef = C06CEF922999A44E0003AB9F /* Conditionals.swift */; };
		C09D7FE32998491E009B2741 /* main.swift in Sources */ = {isa = PBXBuildFile; fileRef = C09D7FE22998491E009B2741 /* main.swift */; };
/* End PBXBuildFile section */

/* Begin PBXCopyFilesBuildPhase section */
		C09D7FDD2998491E009B2741 /* CopyFiles */ = {
			isa = PBXCopyFilesBuildPhase;
			buildActionMask = 2147483647;
			dstPath = /usr/share/man/man1/;
			dstSubfolderSpec = 0;
			files = (
			);
			runOnlyForDeploymentPostprocessing = 1;
		};
/* End PBXCopyFilesBuildPhase section */

/* Begin PBXFileReference section */
		C032395E2C0E55D200CCD542 /* Functions.swift */ = {isa = PBXFileReference; lastKnownFileType = sourcecode.swift; path = Functions.swift; sourceTree = "<group>"; };
		C03239602C0E651A00CCD542 /* Classes.swift */ = {isa = PBXFileReference; lastKnownFileType = sourcecode.swift; path = Classes.swift; sourceTree = "<group>"; };
		C03239622C0E66C400CCD542 /* Structs.swift */ = {isa = PBXFileReference; lastKnownFileType = sourcecode.swift; path = Structs.swift; sourceTree = "<group>"; };
		C06CEF922999A44E0003AB9F /* Conditionals.swift */ = {isa = PBXFileReference; lastKnownFileType = sourcecode.swift; path = Conditionals.swift; sourceTree = "<group>"; };
		C09D7FDF2998491E009B2741 /* SwiftIntroCMD */ = {isa = PBXFileReference; explicitFileType = "compiled.mach-o.executable"; includeInIndex = 0; path = SwiftIntroCMD; sourceTree = BUILT_PRODUCTS_DIR; };
		C09D7FE22998491E009B2741 /* main.swift */ = {isa = PBXFileReference; lastKnownFileType = sourcecode.swift; path = main.swift; sourceTree = "<group>"; };
/* End PBXFileReference section */

/* Begin PBXFrameworksBuildPhase section */
		C09D7FDC2998491E009B2741 /* Frameworks */ = {
			isa = PBXFrameworksBuildPhase;
			buildActionMask = 2147483647;
			files = (
			);
			runOnlyForDeploymentPostprocessing = 0;
		};
/* End PBXFrameworksBuildPhase section */

/* Begin PBXGroup section */
		C06CEF912999A42A0003AB9F /* classes */ = {
			isa = PBXGroup;
			children = (
				C06CEF922999A44E0003AB9F /* Conditionals.swift */,
				C032395E2C0E55D200CCD542 /* Functions.swift */,
				C03239602C0E651A00CCD542 /* Classes.swift */,
				C03239622C0E66C400CCD542 /* Structs.swift */,
			);
			path = classes;
			sourceTree = "<group>";
		};
		C09D7FD62998491E009B2741 = {
			isa = PBXGroup;
			children = (
				C09D7FE12998491E009B2741 /* SwiftIntroCMD */,
				C09D7FE02998491E009B2741 /* Products */,
			);
			sourceTree = "<group>";
		};
		C09D7FE02998491E009B2741 /* Products */ = {
			isa = PBXGroup;
			children = (
				C09D7FDF2998491E009B2741 /* SwiftIntroCMD */,
			);
			name = Products;
			sourceTree = "<group>";
		};
		C09D7FE12998491E009B2741 /* SwiftIntroCMD */ = {
			isa = PBXGroup;
			children = (
				C06CEF912999A42A0003AB9F /* classes */,
				C09D7FE22998491E009B2741 /* main.swift */,
			);
			path = SwiftIntroCMD;
			sourceTree = "<group>";
		};
/* End PBXGroup section */

/* Begin PBXNativeTarget section */
		C09D7FDE2998491E009B2741 /* SwiftIntroCMD */ = {
			isa = PBXNativeTarget;
			buildConfigurationList = C09D7FE62998491E009B2741 /* Build configuration list for PBXNativeTarget "SwiftIntroCMD" */;
			buildPhases = (
				C09D7FDB2998491E009B2741 /* Sources */,
				C09D7FDC2998491E009B2741 /* Frameworks */,
				C09D7FDD2998491E009B2741 /* CopyFiles */,
			);
			buildRules = (
			);
			dependencies = (
			);
			name = SwiftIntroCMD;
			productName = SwiftIntroCMD;
			productReference = C09D7FDF2998491E009B2741 /* SwiftIntroCMD */;
			productType = "com.apple.product-type.tool";
		};
/* End PBXNativeTarget section */

/* Begin PBXProject section */
		C09D7FD72998491E009B2741 /* Project object */ = {
			isa = PBXProject;
			attributes = {
				BuildIndependentTargetsInParallel = 1;
				LastSwiftUpdateCheck = 1420;
				LastUpgradeCheck = 1540;
				TargetAttributes = {
					C09D7FDE2998491E009B2741 = {
						CreatedOnToolsVersion = 14.2;
					};
				};
			};
			buildConfigurationList = C09D7FDA2998491E009B2741 /* Build configuration list for PBXProject "SwiftIntroCMD" */;
			compatibilityVersion = "Xcode 14.0";
			developmentRegion = en;
			hasScannedForEncodings = 0;
			knownRegions = (
				en,
				Base,
			);
			mainGroup = C09D7FD62998491E009B2741;
			productRefGroup = C09D7FE02998491E009B2741 /* Products */;
			projectDirPath = "";
			projectRoot = "";
			targets = (
				C09D7FDE2998491E009B2741 /* SwiftIntroCMD */,
			);
		};
/* End PBXProject section */

/* Begin PBXSourcesBuildPhase section */
		C09D7FDB2998491E009B2741 /* Sources */ = {
			isa = PBXSourcesBuildPhase;
			buildActionMask = 2147483647;
			files = (
				C06CEF932999A44E0003AB9F /* Conditionals.swift in Sources */,
				C09D7FE32998491E009B2741 /* main.swift in Sources */,
				C03239632C0E66C400CCD542 /* Structs.swift in Sources */,
				C03239612C0E651A00CCD542 /* Classes.swift in Sources */,
				C032395F2C0E55D200CCD542 /* Functions.swift in Sources */,
			);
			runOnlyForDeploymentPostprocessing = 0;
		};
/* End PBXSourcesBuildPhase section */

/* Begin XCBuildConfiguration section */
		C09D7FE42998491E009B2741 /* Debug */ = {
			isa = XCBuildConfiguration;
			buildSettings = {
				ALWAYS_SEARCH_USER_PATHS = NO;
				CLANG_ANALYZER_NONNULL = YES;
				CLANG_ANALYZER_NUMBER_OBJECT_CONVERSION = YES_AGGRESSIVE;
				CLANG_CXX_LANGUAGE_STANDARD = "gnu++20";
				CLANG_ENABLE_MODULES = YES;
				CLANG_ENABLE_OBJC_ARC = YES;
				CLANG_ENABLE_OBJC_WEAK = YES;
				CLANG_WARN_BLOCK_CAPTURE_AUTORELEASING = YES;
				CLANG_WARN_BOOL_CONVERSION = YES;
				CLANG_WARN_COMMA = YES;
				CLANG_WARN_CONSTANT_CONVERSION = YES;
				CLANG_WARN_DEPRECATED_OBJC_IMPLEMENTATIONS = YES;
				CLANG_WARN_DIRECT_OBJC_ISA_USAGE = YES_ERROR;
				CLANG_WARN_DOCUMENTATION_COMMENTS = YES;
				CLANG_WARN_EMPTY_BODY = YES;
				CLANG_WARN_ENUM_CONVERSION = YES;
				CLANG_WARN_INFINITE_RECURSION = YES;
				CLANG_WARN_INT_CONVERSION = YES;
				CLANG_WARN_NON_LITERAL_NULL_CONVERSION = YES;
				CLANG_WARN_OBJC_IMPLICIT_RETAIN_SELF = YES;
				CLANG_WARN_OBJC_LITERAL_CONVERSION = YES;
				CLANG_WARN_OBJC_ROOT_CLASS = YES_ERROR;
				CLANG_WARN_QUOTED_INCLUDE_IN_FRAMEWORK_HEADER = YES;
				CLANG_WARN_RANGE_LOOP_ANALYSIS = YES;
				CLANG_WARN_STRICT_PROTOTYPES = YES;
				CLANG_WARN_SUSPICIOUS_MOVE = YES;
				CLANG_WARN_UNGUARDED_AVAILABILITY = YES_AGGRESSIVE;
				CLANG_WARN_UNREACHABLE_CODE = YES;
				CLANG_WARN__DUPLICATE_METHOD_MATCH = YES;
				COPY_PHASE_STRIP = NO;
				DEAD_CODE_STRIPPING = YES;
				DEBUG_INFORMATION_FORMAT = dwarf;
				ENABLE_STRICT_OBJC_MSGSEND = YES;
				ENABLE_TESTABILITY = YES;
				ENABLE_USER_SCRIPT_SANDBOXING = YES;
				GCC_C_LANGUAGE_STANDARD = gnu11;
				GCC_DYNAMIC_NO_PIC = NO;
				GCC_NO_COMMON_BLOCKS = YES;
				GCC_OPTIMIZATION_LEVEL = 0;
				GCC_PREPROCESSOR_DEFINITIONS = (
					"DEBUG=1",
					"$(inherited)",
				);
				GCC_WARN_64_TO_32_BIT_CONVERSION = YES;
				GCC_WARN_ABOUT_RETURN_TYPE = YES_ERROR;
				GCC_WARN_UNDECLARED_SELECTOR = YES;
				GCC_WARN_UNINITIALIZED_AUTOS = YES_AGGRESSIVE;
				GCC_WARN_UNUSED_FUNCTION = YES;
				GCC_WARN_UNUSED_VARIABLE = YES;
				MACOSX_DEPLOYMENT_TARGET = 13.1;
				MTL_ENABLE_DEBUG_INFO = INCLUDE_SOURCE;
				MTL_FAST_MATH = YES;
				ONLY_ACTIVE_ARCH = YES;
				SDKROOT = macosx;
				SWIFT_ACTIVE_COMPILATION_CONDITIONS = DEBUG;
				SWIFT_OPTIMIZATION_LEVEL = "-Onone";
			};
			name = Debug;
		};
		C09D7FE52998491E009B2741 /* Release */ = {
			isa = XCBuildConfiguration;
			buildSettings = {
				ALWAYS_SEARCH_USER_PATHS = NO;
				CLANG_ANALYZER_NONNULL = YES;
				CLANG_ANALYZER_NUMBER_OBJECT_CONVERSION = YES_AGGRESSIVE;
				CLANG_CXX_LANGUAGE_STANDARD = "gnu++20";
				CLANG_ENABLE_MODULES = YES;
				CLANG_ENABLE_OBJC_ARC = YES;
				CLANG_ENABLE_OBJC_WEAK = YES;
				CLANG_WARN_BLOCK_CAPTURE_AUTORELEASING = YES;
				CLANG_WARN_BOOL_CONVERSION = YES;
				CLANG_WARN_COMMA = YES;
				CLANG_WARN_CONSTANT_CONVERSION = YES;
				CLANG_WARN_DEPRECATED_OBJC_IMPLEMENTATIONS = YES;
				CLANG_WARN_DIRECT_OBJC_ISA_USAGE = YES_ERROR;
				CLANG_WARN_DOCUMENTATION_COMMENTS = YES;
				CLANG_WARN_EMPTY_BODY = YES;
				CLANG_WARN_ENUM_CONVERSION = YES;
				CLANG_WARN_INFINITE_RECURSION = YES;
				CLANG_WARN_INT_CONVERSION = YES;
				CLANG_WARN_NON_LITERAL_NULL_CONVERSION = YES;
				CLANG_WARN_OBJC_IMPLICIT_RETAIN_SELF = YES;
				CLANG_WARN_OBJC_LITERAL_CONVERSION = YES;
				CLANG_WARN_OBJC_ROOT_CLASS = YES_ERROR;
				CLANG_WARN_QUOTED_INCLUDE_IN_FRAMEWORK_HEADER = YES;
				CLANG_WARN_RANGE_LOOP_ANALYSIS = YES;
				CLANG_WARN_STRICT_PROTOTYPES = YES;
				CLANG_WARN_SUSPICIOUS_MOVE = YES;
				CLANG_WARN_UNGUARDED_AVAILABILITY = YES_AGGRESSIVE;
				CLANG_WARN_UNREACHABLE_CODE = YES;
				CLANG_WARN__DUPLICATE_METHOD_MATCH = YES;
				COPY_PHASE_STRIP = NO;
				DEAD_CODE_STRIPPING = YES;
				DEBUG_INFORMATION_FORMAT = "dwarf-with-dsym";
				ENABLE_NS_ASSERTIONS = NO;
				ENABLE_STRICT_OBJC_MSGSEND = YES;
				ENABLE_USER_SCRIPT_SANDBOXING = YES;
				GCC_C_LANGUAGE_STANDARD = gnu11;
				GCC_NO_COMMON_BLOCKS = YES;
				GCC_WARN_64_TO_32_BIT_CONVERSION = YES;
				GCC_WARN_ABOUT_RETURN_TYPE = YES_ERROR;
				GCC_WARN_UNDECLARED_SELECTOR = YES;
				GCC_WARN_UNINITIALIZED_AUTOS = YES_AGGRESSIVE;
				GCC_WARN_UNUSED_FUNCTION = YES;
				GCC_WARN_UNUSED_VARIABLE = YES;
				MACOSX_DEPLOYMENT_TARGET = 13.1;
				MTL_ENABLE_DEBUG_INFO = NO;
				MTL_FAST_MATH = YES;
				SDKROOT = macosx;
				SWIFT_COMPILATION_MODE = wholemodule;
				SWIFT_OPTIMIZATION_LEVEL = "-O";
			};
			name = Release;
		};
		C09D7FE72998491E009B2741 /* Debug */ = {
			isa = XCBuildConfiguration;
			buildSettings = {
				CODE_SIGN_STYLE = Automatic;
				DEAD_CODE_STRIPPING = YES;
				DEVELOPMENT_TEAM = 36CPU64LRF;
				ENABLE_HARDENED_RUNTIME = YES;
				PRODUCT_NAME = "$(TARGET_NAME)";
				SWIFT_VERSION = 5.0;
			};
			name = Debug;
		};
		C09D7FE82998491E009B2741 /* Release */ = {
			isa = XCBuildConfiguration;
			buildSettings = {
				CODE_SIGN_STYLE = Automatic;
				DEAD_CODE_STRIPPING = YES;
				DEVELOPMENT_TEAM = 36CPU64LRF;
				ENABLE_HARDENED_RUNTIME = YES;
				PRODUCT_NAME = "$(TARGET_NAME)";
				SWIFT_VERSION = 5.0;
			};
			name = Release;
		};
/* End XCBuildConfiguration section */

/* Begin XCConfigurationList section */
		C09D7FDA2998491E009B2741 /* Build configuration list for PBXProject "SwiftIntroCMD" */ = {
			isa = XCConfigurationList;
			buildConfigurations = (
				C09D7FE42998491E009B2741 /* Debug */,
				C09D7FE52998491E009B2741 /* Release */,
			);
			defaultConfigurationIsVisible = 0;
			defaultConfigurationName = Release;
		};
		C09D7FE62998491E009B2741 /* Build configuration list for PBXNativeTarget "SwiftIntroCMD" */ = {
			isa = XCConfigurationList;
			buildConfigurations = (
				C09D7FE72998491E009B2741 /* Debug */,
				C09D7FE82998491E009B2741 /* Release */,
			);
			defaultConfigurationIsVisible = 0;
			defaultConfigurationName = Release;
		};
/* End XCConfigurationList section */
	};
	rootObject = C09D7FD72998491E009B2741 /* Project object */;
}
